
Microsoft Visual Studio Solution File, Format Version 12.00
# Visual Studio Version 17
VisualStudioVersion = 17.9.34607.119
MinimumVisualStudioVersion = 10.0.40219.1
Project("{FAE04EC0-301F-11D3-BF4B-00C04F79EFBC}") = "Captcha", "Captcha\Captcha.csproj", "{83115075-9004-4DDC-BB4E-1FF7171EF1E7}"
EndProject
Global
	GlobalSection(SolutionConfigurationPlatforms) = preSolution
		Debug|Any CPU = Debug|Any CPU
		Release|Any CPU = Release|Any CPU
	EndGlobalSection
	GlobalSection(ProjectConfigurationPlatforms) = postSolution
		{83115075-9004-4DDC-BB4E-1FF7171EF1E7}.Debug|Any CPU.ActiveCfg = Debug|Any CPU
		{83115075-9004-4DDC-BB4E-1FF7171EF1E7}.Debug|Any CPU.Build.0 = Debug|Any CPU
		{83115075-9004-4DDC-BB4E-1FF7171EF1E7}.Release|Any CPU.ActiveCfg = Release|Any CPU
		{83115075-9004-4DDC-BB4E-1FF7171EF1E7}.Release|Any CPU.Build.0 = Release|Any CPU
	EndGlobalSection
	GlobalSection(SolutionProperties) = preSolution
		HideSolutionNode = FALSE
	EndGlobalSection
	GlobalSection(ExtensibilityGlobals) = postSolution
		SolutionGuid = {6974AEAE-7EFC-4C6E-956F-59EA4F2C59A0}
	EndGlobalSection
EndGlobal
